
Microsoft Visual Studio Solution File, Format Version 12.00
# Visual Studio Version 17
VisualStudioVersion = 17.4.33213.308
MinimumVisualStudioVersion = 10.0.40219.1
Project("{FAE04EC0-301F-11D3-BF4B-00C04F79EFBC}") = "modul3_1302210068", "modul3_1302210068\modul3_1302210068.csproj", "{F175AA5A-F073-4BF3-A4F0-84FD7AC97545}"
EndProject
Global
	GlobalSection(SolutionConfigurationPlatforms) = preSolution
		Debug|Any CPU = Debug|Any CPU
		Release|Any CPU = Release|Any CPU
	EndGlobalSection
	GlobalSection(ProjectConfigurationPlatforms) = postSolution
		{F175AA5A-F073-4BF3-A4F0-84FD7AC97545}.Debug|Any CPU.ActiveCfg = Debug|Any CPU
		{F175AA5A-F073-4BF3-A4F0-84FD7AC97545}.Debug|Any CPU.Build.0 = Debug|Any CPU
		{F175AA5A-F073-4BF3-A4F0-84FD7AC97545}.Release|Any CPU.ActiveCfg = Release|Any CPU
		{F175AA5A-F073-4BF3-A4F0-84FD7AC97545}.Release|Any CPU.Build.0 = Release|Any CPU
	EndGlobalSection
	GlobalSection(SolutionProperties) = preSolution
		HideSolutionNode = FALSE
	EndGlobalSection
	GlobalSection(ExtensibilityGlobals) = postSolution
		SolutionGuid = {85C02D76-1925-4E03-9E9A-96CC84D255BA}
	EndGlobalSection
EndGlobal
